// !$*UTF8*$!
{
	archiveVersion = 1;
	classes = {
	};
	objectVersion = 46;
	objects = {

/* Begin PBXBuildFile section */
		F42744351F61029E00796149 /* PhotoViewController.swift in Sources */ = {isa = PBXBuildFile; fileRef = F42744341F61029E00796149 /* PhotoViewController.swift */; };
		F42744371F65F20F00796149 /* MapPinModel.swift in Sources */ = {isa = PBXBuildFile; fileRef = F42744361F65F20F00796149 /* MapPinModel.swift */; };
		F4533BD41F553B990059787F /* DeleteMode.swift in Sources */ = {isa = PBXBuildFile; fileRef = F4533BD31F553B990059787F /* DeleteMode.swift */; };
		F4533BDB1F57E0AC0059787F /* FlickrClient.swift in Sources */ = {isa = PBXBuildFile; fileRef = F4533BDA1F57E0AC0059787F /* FlickrClient.swift */; };
		F4533BDF1F5CB1CA0059787F /* GeneralNetworkingClient.swift in Sources */ = {isa = PBXBuildFile; fileRef = F4533BDE1F5CB1CA0059787F /* GeneralNetworkingClient.swift */; };
		F4533BE21F5CCE550059787F /* FlickrConvenienceFunctions.swift in Sources */ = {isa = PBXBuildFile; fileRef = F4533BE11F5CCE550059787F /* FlickrConvenienceFunctions.swift */; };
		F4533BE61F5FDD870059787F /* APIKeyPropertyList.plist in Resources */ = {isa = PBXBuildFile; fileRef = F4533BE51F5FDD870059787F /* APIKeyPropertyList.plist */; };
		F4A283841F4BD84700F043EA /* AppDelegate.swift in Sources */ = {isa = PBXBuildFile; fileRef = F4A283831F4BD84700F043EA /* AppDelegate.swift */; };
		F4A283861F4BD84700F043EA /* TravelLocationsViewController.swift in Sources */ = {isa = PBXBuildFile; fileRef = F4A283851F4BD84700F043EA /* TravelLocationsViewController.swift */; };
		F4A283891F4BD84700F043EA /* Main.storyboard in Resources */ = {isa = PBXBuildFile; fileRef = F4A283871F4BD84700F043EA /* Main.storyboard */; };
		F4A2838B1F4BD84700F043EA /* Assets.xcassets in Resources */ = {isa = PBXBuildFile; fileRef = F4A2838A1F4BD84700F043EA /* Assets.xcassets */; };
		F4A2838E1F4BD84700F043EA /* LaunchScreen.storyboard in Resources */ = {isa = PBXBuildFile; fileRef = F4A2838C1F4BD84700F043EA /* LaunchScreen.storyboard */; };
		F4A283991F4BD84700F043EA /* VirtualTouristTests.swift in Sources */ = {isa = PBXBuildFile; fileRef = F4A283981F4BD84700F043EA /* VirtualTouristTests.swift */; };
		F4A283A41F4BD84700F043EA /* VirtualTouristUITests.swift in Sources */ = {isa = PBXBuildFile; fileRef = F4A283A31F4BD84700F043EA /* VirtualTouristUITests.swift */; };
		F4A283B21F4BDDAB00F043EA /* CoreDataStack.swift in Sources */ = {isa = PBXBuildFile; fileRef = F4A283B11F4BDDAB00F043EA /* CoreDataStack.swift */; };
		F4A283B51F4BE12600F043EA /* TouristDataModel.xcdatamodeld in Sources */ = {isa = PBXBuildFile; fileRef = F4A283B31F4BE12600F043EA /* TouristDataModel.xcdatamodeld */; };
		F4A283C31F4BEA2000F043EA /* Pin+CoreDataClass.swift in Sources */ = {isa = PBXBuildFile; fileRef = F4A283BF1F4BEA2000F043EA /* Pin+CoreDataClass.swift */; };
		F4A283C41F4BEA2000F043EA /* Pin+CoreDataProperties.swift in Sources */ = {isa = PBXBuildFile; fileRef = F4A283C01F4BEA2000F043EA /* Pin+CoreDataProperties.swift */; };
		F4A283C81F4BECE700F043EA /* Constants.swift in Sources */ = {isa = PBXBuildFile; fileRef = F4A283C71F4BECE700F043EA /* Constants.swift */; };
		F4A283CE1F4EB05300F043EA /* DeleteModeLabel.swift in Sources */ = {isa = PBXBuildFile; fileRef = F4A283CD1F4EB05300F043EA /* DeleteModeLabel.swift */; };
		F4A283D11F4EC61300F043EA /* Extensions.swift in Sources */ = {isa = PBXBuildFile; fileRef = F4A283D01F4EC61300F043EA /* Extensions.swift */; };
		F4A283D61F54002700F043EA /* CoreDataViewController.swift in Sources */ = {isa = PBXBuildFile; fileRef = F4A283D51F54002700F043EA /* CoreDataViewController.swift */; };
		F4ED3FC21F68DDB500740321 /* PhotoCollectionViewCell.swift in Sources */ = {isa = PBXBuildFile; fileRef = F4ED3FC11F68DDB500740321 /* PhotoCollectionViewCell.swift */; };
		F4FF5AD01F7796DF006DE169 /* Photo+CoreDataClass.swift in Sources */ = {isa = PBXBuildFile; fileRef = F4FF5ACE1F7796DF006DE169 /* Photo+CoreDataClass.swift */; };
		F4FF5AD11F7796DF006DE169 /* Photo+CoreDataProperties.swift in Sources */ = {isa = PBXBuildFile; fileRef = F4FF5ACF1F7796DF006DE169 /* Photo+CoreDataProperties.swift */; };
		F4FF5AD31F7891D9006DE169 /* PhotoActivityIndicator.swift in Sources */ = {isa = PBXBuildFile; fileRef = F4FF5AD21F7891D9006DE169 /* PhotoActivityIndicator.swift */; };
/* End PBXBuildFile section */

/* Begin PBXContainerItemProxy section */
		F4A283951F4BD84700F043EA /* PBXContainerItemProxy */ = {
			isa = PBXContainerItemProxy;
			containerPortal = F4A283781F4BD84700F043EA /* Project object */;
			proxyType = 1;
			remoteGlobalIDString = F4A2837F1F4BD84700F043EA;
			remoteInfo = VirtualTourist;
		};
		F4A283A01F4BD84700F043EA /* PBXContainerItemProxy */ = {
			isa = PBXContainerItemProxy;
			containerPortal = F4A283781F4BD84700F043EA /* Project object */;
			proxyType = 1;
			remoteGlobalIDString = F4A2837F1F4BD84700F043EA;
			remoteInfo = VirtualTourist;
		};
/* End PBXContainerItemProxy section */

/* Begin PBXFileReference section */
		F42744341F61029E00796149 /* PhotoViewController.swift */ = {isa = PBXFileReference; fileEncoding = 4; lastKnownFileType = sourcecode.swift; path = PhotoViewController.swift; sourceTree = "<group>"; };
		F42744361F65F20F00796149 /* MapPinModel.swift */ = {isa = PBXFileReference; fileEncoding = 4; lastKnownFileType = sourcecode.swift; path = MapPinModel.swift; sourceTree = "<group>"; };
		F4533BD31F553B990059787F /* DeleteMode.swift */ = {isa = PBXFileReference; fileEncoding = 4; lastKnownFileType = sourcecode.swift; path = DeleteMode.swift; sourceTree = "<group>"; };
		F4533BDA1F57E0AC0059787F /* FlickrClient.swift */ = {isa = PBXFileReference; fileEncoding = 4; lastKnownFileType = sourcecode.swift; path = FlickrClient.swift; sourceTree = "<group>"; };
		F4533BDE1F5CB1CA0059787F /* GeneralNetworkingClient.swift */ = {isa = PBXFileReference; fileEncoding = 4; lastKnownFileType = sourcecode.swift; path = GeneralNetworkingClient.swift; sourceTree = "<group>"; };
		F4533BE11F5CCE550059787F /* FlickrConvenienceFunctions.swift */ = {isa = PBXFileReference; fileEncoding = 4; lastKnownFileType = sourcecode.swift; path = FlickrConvenienceFunctions.swift; sourceTree = "<group>"; };
		F4533BE51F5FDD870059787F /* APIKeyPropertyList.plist */ = {isa = PBXFileReference; fileEncoding = 4; lastKnownFileType = text.plist.xml; path = APIKeyPropertyList.plist; sourceTree = "<group>"; };
		F4A283801F4BD84700F043EA /* VirtualTourist.app */ = {isa = PBXFileReference; explicitFileType = wrapper.application; includeInIndex = 0; path = VirtualTourist.app; sourceTree = BUILT_PRODUCTS_DIR; };
		F4A283831F4BD84700F043EA /* AppDelegate.swift */ = {isa = PBXFileReference; lastKnownFileType = sourcecode.swift; path = AppDelegate.swift; sourceTree = "<group>"; };
		F4A283851F4BD84700F043EA /* TravelLocationsViewController.swift */ = {isa = PBXFileReference; lastKnownFileType = sourcecode.swift; path = TravelLocationsViewController.swift; sourceTree = "<group>"; };
		F4A283881F4BD84700F043EA /* Base */ = {isa = PBXFileReference; lastKnownFileType = file.storyboard; name = Base; path = Base.lproj/Main.storyboard; sourceTree = "<group>"; };
		F4A2838A1F4BD84700F043EA /* Assets.xcassets */ = {isa = PBXFileReference; lastKnownFileType = folder.assetcatalog; path = Assets.xcassets; sourceTree = "<group>"; };
		F4A2838D1F4BD84700F043EA /* Base */ = {isa = PBXFileReference; lastKnownFileType = file.storyboard; name = Base; path = Base.lproj/LaunchScreen.storyboard; sourceTree = "<group>"; };
		F4A2838F1F4BD84700F043EA /* Info.plist */ = {isa = PBXFileReference; lastKnownFileType = text.plist.xml; path = Info.plist; sourceTree = "<group>"; };
		F4A283941F4BD84700F043EA /* VirtualTouristTests.xctest */ = {isa = PBXFileReference; explicitFileType = wrapper.cfbundle; includeInIndex = 0; path = VirtualTouristTests.xctest; sourceTree = BUILT_PRODUCTS_DIR; };
		F4A283981F4BD84700F043EA /* VirtualTouristTests.swift */ = {isa = PBXFileReference; lastKnownFileType = sourcecode.swift; path = VirtualTouristTests.swift; sourceTree = "<group>"; };
		F4A2839A1F4BD84700F043EA /* Info.plist */ = {isa = PBXFileReference; lastKnownFileType = text.plist.xml; path = Info.plist; sourceTree = "<group>"; };
		F4A2839F1F4BD84700F043EA /* VirtualTouristUITests.xctest */ = {isa = PBXFileReference; explicitFileType = wrapper.cfbundle; includeInIndex = 0; path = VirtualTouristUITests.xctest; sourceTree = BUILT_PRODUCTS_DIR; };
		F4A283A31F4BD84700F043EA /* VirtualTouristUITests.swift */ = {isa = PBXFileReference; lastKnownFileType = sourcecode.swift; path = VirtualTouristUITests.swift; sourceTree = "<group>"; };
		F4A283A51F4BD84700F043EA /* Info.plist */ = {isa = PBXFileReference; lastKnownFileType = text.plist.xml; path = Info.plist; sourceTree = "<group>"; };
		F4A283B11F4BDDAB00F043EA /* CoreDataStack.swift */ = {isa = PBXFileReference; fileEncoding = 4; lastKnownFileType = sourcecode.swift; path = CoreDataStack.swift; sourceTree = "<group>"; };
		F4A283B41F4BE12600F043EA /* TouristDataModel.xcdatamodel */ = {isa = PBXFileReference; lastKnownFileType = wrapper.xcdatamodel; path = TouristDataModel.xcdatamodel; sourceTree = "<group>"; };
		F4A283BF1F4BEA2000F043EA /* Pin+CoreDataClass.swift */ = {isa = PBXFileReference; fileEncoding = 4; lastKnownFileType = sourcecode.swift; name = "Pin+CoreDataClass.swift"; path = "VirtualTourist/Pin+CoreDataClass.swift"; sourceTree = "<group>"; };
		F4A283C01F4BEA2000F043EA /* Pin+CoreDataProperties.swift */ = {isa = PBXFileReference; fileEncoding = 4; lastKnownFileType = sourcecode.swift; name = "Pin+CoreDataProperties.swift"; path = "VirtualTourist/Pin+CoreDataProperties.swift"; sourceTree = "<group>"; };
		F4A283C71F4BECE700F043EA /* Constants.swift */ = {isa = PBXFileReference; fileEncoding = 4; lastKnownFileType = sourcecode.swift; path = Constants.swift; sourceTree = "<group>"; };
		F4A283CD1F4EB05300F043EA /* DeleteModeLabel.swift */ = {isa = PBXFileReference; fileEncoding = 4; lastKnownFileType = sourcecode.swift; path = DeleteModeLabel.swift; sourceTree = "<group>"; };
		F4A283D01F4EC61300F043EA /* Extensions.swift */ = {isa = PBXFileReference; fileEncoding = 4; lastKnownFileType = sourcecode.swift; path = Extensions.swift; sourceTree = "<group>"; };
		F4A283D21F52A28500F043EA /* TouristDataModel 2.xcdatamodel */ = {isa = PBXFileReference; lastKnownFileType = wrapper.xcdatamodel; path = "TouristDataModel 2.xcdatamodel"; sourceTree = "<group>"; };
		F4A283D51F54002700F043EA /* CoreDataViewController.swift */ = {isa = PBXFileReference; fileEncoding = 4; lastKnownFileType = sourcecode.swift; path = CoreDataViewController.swift; sourceTree = "<group>"; };
		F4ED3FC11F68DDB500740321 /* PhotoCollectionViewCell.swift */ = {isa = PBXFileReference; fileEncoding = 4; lastKnownFileType = sourcecode.swift; name = PhotoCollectionViewCell.swift; path = VirtualTourist/PhotoCollectionViewCell.swift; sourceTree = "<group>"; };
		F4FF5ACD1F778139006DE169 /* TouristDataModel 3.xcdatamodel */ = {isa = PBXFileReference; lastKnownFileType = wrapper.xcdatamodel; path = "TouristDataModel 3.xcdatamodel"; sourceTree = "<group>"; };
		F4FF5ACE1F7796DF006DE169 /* Photo+CoreDataClass.swift */ = {isa = PBXFileReference; fileEncoding = 4; lastKnownFileType = sourcecode.swift; path = "Photo+CoreDataClass.swift"; sourceTree = "<group>"; };
		F4FF5ACF1F7796DF006DE169 /* Photo+CoreDataProperties.swift */ = {isa = PBXFileReference; fileEncoding = 4; lastKnownFileType = sourcecode.swift; path = "Photo+CoreDataProperties.swift"; sourceTree = "<group>"; };
		F4FF5AD21F7891D9006DE169 /* PhotoActivityIndicator.swift */ = {isa = PBXFileReference; fileEncoding = 4; lastKnownFileType = sourcecode.swift; name = PhotoActivityIndicator.swift; path = ../OnTheMap/OnTheMap/PhotoActivityIndicator.swift; sourceTree = "<group>"; };
/* End PBXFileReference section */

/* Begin PBXFrameworksBuildPhase section */
		F4A2837D1F4BD84700F043EA /* Frameworks */ = {
			isa = PBXFrameworksBuildPhase;
			buildActionMask = 2147483647;
			files = (
			);
			runOnlyForDeploymentPostprocessing = 0;
		};
		F4A283911F4BD84700F043EA /* Frameworks */ = {
			isa = PBXFrameworksBuildPhase;
			buildActionMask = 2147483647;
			files = (
			);
			runOnlyForDeploymentPostprocessing = 0;
		};
		F4A2839C1F4BD84700F043EA /* Frameworks */ = {
			isa = PBXFrameworksBuildPhase;
			buildActionMask = 2147483647;
			files = (
			);
			runOnlyForDeploymentPostprocessing = 0;
		};
/* End PBXFrameworksBuildPhase section */

/* Begin PBXGroup section */
		F42744381F65F56700796149 /* View Controllers */ = {
			isa = PBXGroup;
			children = (
				F4A283D51F54002700F043EA /* CoreDataViewController.swift */,
				F4A283851F4BD84700F043EA /* TravelLocationsViewController.swift */,
				F42744341F61029E00796149 /* PhotoViewController.swift */,
			);
			name = "View Controllers";
			sourceTree = "<group>";
		};
		F4533BD71F57D9950059787F /* CoreDataModel */ = {
			isa = PBXGroup;
			children = (
				F4A283BF1F4BEA2000F043EA /* Pin+CoreDataClass.swift */,
				F4A283C01F4BEA2000F043EA /* Pin+CoreDataProperties.swift */,
				F4FF5ACE1F7796DF006DE169 /* Photo+CoreDataClass.swift */,
				F4FF5ACF1F7796DF006DE169 /* Photo+CoreDataProperties.swift */,
			);
			name = CoreDataModel;
			sourceTree = "<group>";
		};
		F4533BE01F5CB1F90059787F /* Networking */ = {
			isa = PBXGroup;
			children = (
				F4533BDA1F57E0AC0059787F /* FlickrClient.swift */,
				F4533BE11F5CCE550059787F /* FlickrConvenienceFunctions.swift */,
				F4533BDE1F5CB1CA0059787F /* GeneralNetworkingClient.swift */,
			);
			name = Networking;
			sourceTree = "<group>";
		};
		F4A283771F4BD84700F043EA = {
			isa = PBXGroup;
			children = (
				F4A283821F4BD84700F043EA /* VirtualTourist */,
				F4A283BE1F4BE8B400F043EA /* Model */,
				F4A283CF1F4EC20800F043EA /* View */,
				F4A283971F4BD84700F043EA /* VirtualTouristTests */,
				F4A283A21F4BD84700F043EA /* VirtualTouristUITests */,
				F4A283811F4BD84700F043EA /* Products */,
			);
			sourceTree = "<group>";
		};
		F4A283811F4BD84700F043EA /* Products */ = {
			isa = PBXGroup;
			children = (
				F4A283801F4BD84700F043EA /* VirtualTourist.app */,
				F4A283941F4BD84700F043EA /* VirtualTouristTests.xctest */,
				F4A2839F1F4BD84700F043EA /* VirtualTouristUITests.xctest */,
			);
			name = Products;
			sourceTree = "<group>";
		};
		F4A283821F4BD84700F043EA /* VirtualTourist */ = {
			isa = PBXGroup;
			children = (
				F4A283B11F4BDDAB00F043EA /* CoreDataStack.swift */,
				F4A283831F4BD84700F043EA /* AppDelegate.swift */,
				F42744381F65F56700796149 /* View Controllers */,
				F4A283871F4BD84700F043EA /* Main.storyboard */,
				F4A2838A1F4BD84700F043EA /* Assets.xcassets */,
				F4A2838C1F4BD84700F043EA /* LaunchScreen.storyboard */,
				F4A2838F1F4BD84700F043EA /* Info.plist */,
			);
			path = VirtualTourist;
			sourceTree = "<group>";
		};
		F4A283971F4BD84700F043EA /* VirtualTouristTests */ = {
			isa = PBXGroup;
			children = (
				F4A283981F4BD84700F043EA /* VirtualTouristTests.swift */,
				F4A2839A1F4BD84700F043EA /* Info.plist */,
			);
			path = VirtualTouristTests;
			sourceTree = "<group>";
		};
		F4A283A21F4BD84700F043EA /* VirtualTouristUITests */ = {
			isa = PBXGroup;
			children = (
				F4A283A31F4BD84700F043EA /* VirtualTouristUITests.swift */,
				F4A283A51F4BD84700F043EA /* Info.plist */,
			);
			path = VirtualTouristUITests;
			sourceTree = "<group>";
		};
		F4A283BE1F4BE8B400F043EA /* Model */ = {
			isa = PBXGroup;
			children = (
				F4A283B31F4BE12600F043EA /* TouristDataModel.xcdatamodeld */,
				F4533BD71F57D9950059787F /* CoreDataModel */,
				F4A283D01F4EC61300F043EA /* Extensions.swift */,
				F42744361F65F20F00796149 /* MapPinModel.swift */,
				F4A283C71F4BECE700F043EA /* Constants.swift */,
				F4533BD31F553B990059787F /* DeleteMode.swift */,
				F4533BE51F5FDD870059787F /* APIKeyPropertyList.plist */,
				F4533BE01F5CB1F90059787F /* Networking */,
			);
			name = Model;
			sourceTree = "<group>";
		};
		F4A283CF1F4EC20800F043EA /* View */ = {
			isa = PBXGroup;
			children = (
				F4FF5AD21F7891D9006DE169 /* PhotoActivityIndicator.swift */,
				F4ED3FC11F68DDB500740321 /* PhotoCollectionViewCell.swift */,
				F4A283CD1F4EB05300F043EA /* DeleteModeLabel.swift */,
			);
			name = View;
			sourceTree = "<group>";
		};
/* End PBXGroup section */

/* Begin PBXNativeTarget section */
		F4A2837F1F4BD84700F043EA /* VirtualTourist */ = {
			isa = PBXNativeTarget;
			buildConfigurationList = F4A283A81F4BD84700F043EA /* Build configuration list for PBXNativeTarget "VirtualTourist" */;
			buildPhases = (
				F4A2837C1F4BD84700F043EA /* Sources */,
				F4A2837D1F4BD84700F043EA /* Frameworks */,
				F4A2837E1F4BD84700F043EA /* Resources */,
			);
			buildRules = (
			);
			dependencies = (
			);
			name = VirtualTourist;
			productName = VirtualTourist;
			productReference = F4A283801F4BD84700F043EA /* VirtualTourist.app */;
			productType = "com.apple.product-type.application";
		};
		F4A283931F4BD84700F043EA /* VirtualTouristTests */ = {
			isa = PBXNativeTarget;
			buildConfigurationList = F4A283AB1F4BD84700F043EA /* Build configuration list for PBXNativeTarget "VirtualTouristTests" */;
			buildPhases = (
				F4A283901F4BD84700F043EA /* Sources */,
				F4A283911F4BD84700F043EA /* Frameworks */,
				F4A283921F4BD84700F043EA /* Resources */,
			);
			buildRules = (
			);
			dependencies = (
				F4A283961F4BD84700F043EA /* PBXTargetDependency */,
			);
			name = VirtualTouristTests;
			productName = VirtualTouristTests;
			productReference = F4A283941F4BD84700F043EA /* VirtualTouristTests.xctest */;
			productType = "com.apple.product-type.bundle.unit-test";
		};
		F4A2839E1F4BD84700F043EA /* VirtualTouristUITests */ = {
			isa = PBXNativeTarget;
			buildConfigurationList = F4A283AE1F4BD84700F043EA /* Build configuration list for PBXNativeTarget "VirtualTouristUITests" */;
			buildPhases = (
				F4A2839B1F4BD84700F043EA /* Sources */,
				F4A2839C1F4BD84700F043EA /* Frameworks */,
				F4A2839D1F4BD84700F043EA /* Resources */,
			);
			buildRules = (
			);
			dependencies = (
				F4A283A11F4BD84700F043EA /* PBXTargetDependency */,
			);
			name = VirtualTouristUITests;
			productName = VirtualTouristUITests;
			productReference = F4A2839F1F4BD84700F043EA /* VirtualTouristUITests.xctest */;
			productType = "com.apple.product-type.bundle.ui-testing";
		};
/* End PBXNativeTarget section */

/* Begin PBXProject section */
		F4A283781F4BD84700F043EA /* Project object */ = {
			isa = PBXProject;
			attributes = {
				LastSwiftUpdateCheck = 0830;
				LastUpgradeCheck = 0830;
				ORGANIZATIONNAME = "Mark Tapia";
				TargetAttributes = {
					F4A2837F1F4BD84700F043EA = {
						CreatedOnToolsVersion = 8.3.3;
						DevelopmentTeam = CGABW4X2P7;
						ProvisioningStyle = Automatic;
					};
					F4A283931F4BD84700F043EA = {
						CreatedOnToolsVersion = 8.3.3;
						DevelopmentTeam = CGABW4X2P7;
						ProvisioningStyle = Automatic;
						TestTargetID = F4A2837F1F4BD84700F043EA;
					};
					F4A2839E1F4BD84700F043EA = {
						CreatedOnToolsVersion = 8.3.3;
						DevelopmentTeam = CGABW4X2P7;
						ProvisioningStyle = Automatic;
						TestTargetID = F4A2837F1F4BD84700F043EA;
					};
				};
			};
			buildConfigurationList = F4A2837B1F4BD84700F043EA /* Build configuration list for PBXProject "VirtualTourist" */;
			compatibilityVersion = "Xcode 3.2";
			developmentRegion = English;
			hasScannedForEncodings = 0;
			knownRegions = (
				en,
				Base,
			);
			mainGroup = F4A283771F4BD84700F043EA;
			productRefGroup = F4A283811F4BD84700F043EA /* Products */;
			projectDirPath = "";
			projectRoot = "";
			targets = (
				F4A2837F1F4BD84700F043EA /* VirtualTourist */,
				F4A283931F4BD84700F043EA /* VirtualTouristTests */,
				F4A2839E1F4BD84700F043EA /* VirtualTouristUITests */,
			);
		};
/* End PBXProject section */

/* Begin PBXResourcesBuildPhase section */
		F4A2837E1F4BD84700F043EA /* Resources */ = {
			isa = PBXResourcesBuildPhase;
			buildActionMask = 2147483647;
			files = (
				F4A2838E1F4BD84700F043EA /* LaunchScreen.storyboard in Resources */,
				F4A2838B1F4BD84700F043EA /* Assets.xcassets in Resources */,
				F4533BE61F5FDD870059787F /* APIKeyPropertyList.plist in Resources */,
				F4A283891F4BD84700F043EA /* Main.storyboard in Resources */,
			);
			runOnlyForDeploymentPostprocessing = 0;
		};
		F4A283921F4BD84700F043EA /* Resources */ = {
			isa = PBXResourcesBuildPhase;
			buildActionMask = 2147483647;
			files = (
			);
			runOnlyForDeploymentPostprocessing = 0;
		};
		F4A2839D1F4BD84700F043EA /* Resources */ = {
			isa = PBXResourcesBuildPhase;
			buildActionMask = 2147483647;
			files = (
			);
			runOnlyForDeploymentPostprocessing = 0;
		};
/* End PBXResourcesBuildPhase section */

/* Begin PBXSourcesBuildPhase section */
		F4A2837C1F4BD84700F043EA /* Sources */ = {
			isa = PBXSourcesBuildPhase;
			buildActionMask = 2147483647;
			files = (
				F4FF5AD11F7796DF006DE169 /* Photo+CoreDataProperties.swift in Sources */,
				F4533BDF1F5CB1CA0059787F /* GeneralNetworkingClient.swift in Sources */,
				F4A283B21F4BDDAB00F043EA /* CoreDataStack.swift in Sources */,
				F4A283D61F54002700F043EA /* CoreDataViewController.swift in Sources */,
				F4ED3FC21F68DDB500740321 /* PhotoCollectionViewCell.swift in Sources */,
				F4A283C41F4BEA2000F043EA /* Pin+CoreDataProperties.swift in Sources */,
				F4A283C31F4BEA2000F043EA /* Pin+CoreDataClass.swift in Sources */,
				F4A283861F4BD84700F043EA /* TravelLocationsViewController.swift in Sources */,
				F4A283B51F4BE12600F043EA /* TouristDataModel.xcdatamodeld in Sources */,
				F42744371F65F20F00796149 /* MapPinModel.swift in Sources */,
				F4FF5AD01F7796DF006DE169 /* Photo+CoreDataClass.swift in Sources */,
				F4533BE21F5CCE550059787F /* FlickrConvenienceFunctions.swift in Sources */,
				F4533BD41F553B990059787F /* DeleteMode.swift in Sources */,
				F42744351F61029E00796149 /* PhotoViewController.swift in Sources */,
				F4533BDB1F57E0AC0059787F /* FlickrClient.swift in Sources */,
				F4A283841F4BD84700F043EA /* AppDelegate.swift in Sources */,
				F4FF5AD31F7891D9006DE169 /* PhotoActivityIndicator.swift in Sources */,
				F4A283CE1F4EB05300F043EA /* DeleteModeLabel.swift in Sources */,
				F4A283D11F4EC61300F043EA /* Extensions.swift in Sources */,
				F4A283C81F4BECE700F043EA /* Constants.swift in Sources */,
			);
			runOnlyForDeploymentPostprocessing = 0;
		};
		F4A283901F4BD84700F043EA /* Sources */ = {
			isa = PBXSourcesBuildPhase;
			buildActionMask = 2147483647;
			files = (
				F4A283991F4BD84700F043EA /* VirtualTouristTests.swift in Sources */,
			);
			runOnlyForDeploymentPostprocessing = 0;
		};
		F4A2839B1F4BD84700F043EA /* Sources */ = {
			isa = PBXSourcesBuildPhase;
			buildActionMask = 2147483647;
			files = (
				F4A283A41F4BD84700F043EA /* VirtualTouristUITests.swift in Sources */,
			);
			runOnlyForDeploymentPostprocessing = 0;
		};
/* End PBXSourcesBuildPhase section */

/* Begin PBXTargetDependency section */
		F4A283961F4BD84700F043EA /* PBXTargetDependency */ = {
			isa = PBXTargetDependency;
			target = F4A2837F1F4BD84700F043EA /* VirtualTourist */;
			targetProxy = F4A283951F4BD84700F043EA /* PBXContainerItemProxy */;
		};
		F4A283A11F4BD84700F043EA /* PBXTargetDependency */ = {
			isa = PBXTargetDependency;
			target = F4A2837F1F4BD84700F043EA /* VirtualTourist */;
			targetProxy = F4A283A01F4BD84700F043EA /* PBXContainerItemProxy */;
		};
/* End PBXTargetDependency section */

/* Begin PBXVariantGroup section */
		F4A283871F4BD84700F043EA /* Main.storyboard */ = {
			isa = PBXVariantGroup;
			children = (
				F4A283881F4BD84700F043EA /* Base */,
			);
			name = Main.storyboard;
			sourceTree = "<group>";
		};
		F4A2838C1F4BD84700F043EA /* LaunchScreen.storyboard */ = {
			isa = PBXVariantGroup;
			children = (
				F4A2838D1F4BD84700F043EA /* Base */,
			);
			name = LaunchScreen.storyboard;
			sourceTree = "<group>";
		};
/* End PBXVariantGroup section */

/* Begin XCBuildConfiguration section */
		F4A283A61F4BD84700F043EA /* Debug */ = {
			isa = XCBuildConfiguration;
			buildSettings = {
				ALWAYS_SEARCH_USER_PATHS = NO;
				CLANG_ANALYZER_NONNULL = YES;
				CLANG_ANALYZER_NUMBER_OBJECT_CONVERSION = YES_AGGRESSIVE;
				CLANG_CXX_LANGUAGE_STANDARD = "gnu++0x";
				CLANG_CXX_LIBRARY = "libc++";
				CLANG_ENABLE_MODULES = YES;
				CLANG_ENABLE_OBJC_ARC = YES;
				CLANG_WARN_BOOL_CONVERSION = YES;
				CLANG_WARN_CONSTANT_CONVERSION = YES;
				CLANG_WARN_DIRECT_OBJC_ISA_USAGE = YES_ERROR;
				CLANG_WARN_DOCUMENTATION_COMMENTS = YES;
				CLANG_WARN_EMPTY_BODY = YES;
				CLANG_WARN_ENUM_CONVERSION = YES;
				CLANG_WARN_INFINITE_RECURSION = YES;
				CLANG_WARN_INT_CONVERSION = YES;
				CLANG_WARN_OBJC_ROOT_CLASS = YES_ERROR;
				CLANG_WARN_SUSPICIOUS_MOVE = YES;
				CLANG_WARN_UNREACHABLE_CODE = YES;
				CLANG_WARN__DUPLICATE_METHOD_MATCH = YES;
				"CODE_SIGN_IDENTITY[sdk=iphoneos*]" = "iPhone Developer";
				COPY_PHASE_STRIP = NO;
				DEBUG_INFORMATION_FORMAT = dwarf;
				ENABLE_STRICT_OBJC_MSGSEND = YES;
				ENABLE_TESTABILITY = YES;
				GCC_C_LANGUAGE_STANDARD = gnu99;
				GCC_DYNAMIC_NO_PIC = NO;
				GCC_NO_COMMON_BLOCKS = YES;
				GCC_OPTIMIZATION_LEVEL = 0;
				GCC_PREPROCESSOR_DEFINITIONS = (
					"DEBUG=1",
					"$(inherited)",
				);
				GCC_WARN_64_TO_32_BIT_CONVERSION = YES;
				GCC_WARN_ABOUT_RETURN_TYPE = YES_ERROR;
				GCC_WARN_UNDECLARED_SELECTOR = YES;
				GCC_WARN_UNINITIALIZED_AUTOS = YES_AGGRESSIVE;
				GCC_WARN_UNUSED_FUNCTION = YES;
				GCC_WARN_UNUSED_VARIABLE = YES;
				IPHONEOS_DEPLOYMENT_TARGET = 10.3;
				MTL_ENABLE_DEBUG_INFO = YES;
				ONLY_ACTIVE_ARCH = YES;
				SDKROOT = iphoneos;
				SWIFT_ACTIVE_COMPILATION_CONDITIONS = DEBUG;
				SWIFT_OPTIMIZATION_LEVEL = "-Onone";
				TARGETED_DEVICE_FAMILY = "1,2";
			};
			name = Debug;
		};
		F4A283A71F4BD84700F043EA /* Release */ = {
			isa = XCBuildConfiguration;
			buildSettings = {
				ALWAYS_SEARCH_USER_PATHS = NO;
				CLANG_ANALYZER_NONNULL = YES;
				CLANG_ANALYZER_NUMBER_OBJECT_CONVERSION = YES_AGGRESSIVE;
				CLANG_CXX_LANGUAGE_STANDARD = "gnu++0x";
				CLANG_CXX_LIBRARY = "libc++";
				CLANG_ENABLE_MODULES = YES;
				CLANG_ENABLE_OBJC_ARC = YES;
				CLANG_WARN_BOOL_CONVERSION = YES;
				CLANG_WARN_CONSTANT_CONVERSION = YES;
				CLANG_WARN_DIRECT_OBJC_ISA_USAGE = YES_ERROR;
				CLANG_WARN_DOCUMENTATION_COMMENTS = YES;
				CLANG_WARN_EMPTY_BODY = YES;
				CLANG_WARN_ENUM_CONVERSION = YES;
				CLANG_WARN_INFINITE_RECURSION = YES;
				CLANG_WARN_INT_CONVERSION = YES;
				CLANG_WARN_OBJC_ROOT_CLASS = YES_ERROR;
				CLANG_WARN_SUSPICIOUS_MOVE = YES;
				CLANG_WARN_UNREACHABLE_CODE = YES;
				CLANG_WARN__DUPLICATE_METHOD_MATCH = YES;
				"CODE_SIGN_IDENTITY[sdk=iphoneos*]" = "iPhone Developer";
				COPY_PHASE_STRIP = NO;
				DEBUG_INFORMATION_FORMAT = "dwarf-with-dsym";
				ENABLE_NS_ASSERTIONS = NO;
				ENABLE_STRICT_OBJC_MSGSEND = YES;
				GCC_C_LANGUAGE_STANDARD = gnu99;
				GCC_NO_COMMON_BLOCKS = YES;
				GCC_WARN_64_TO_32_BIT_CONVERSION = YES;
				GCC_WARN_ABOUT_RETURN_TYPE = YES_ERROR;
				GCC_WARN_UNDECLARED_SELECTOR = YES;
				GCC_WARN_UNINITIALIZED_AUTOS = YES_AGGRESSIVE;
				GCC_WARN_UNUSED_FUNCTION = YES;
				GCC_WARN_UNUSED_VARIABLE = YES;
				IPHONEOS_DEPLOYMENT_TARGET = 10.3;
				MTL_ENABLE_DEBUG_INFO = NO;
				SDKROOT = iphoneos;
				SWIFT_OPTIMIZATION_LEVEL = "-Owholemodule";
				TARGETED_DEVICE_FAMILY = "1,2";
				VALIDATE_PRODUCT = YES;
			};
			name = Release;
		};
		F4A283A91F4BD84700F043EA /* Debug */ = {
			isa = XCBuildConfiguration;
			buildSettings = {
				ASSETCATALOG_COMPILER_APPICON_NAME = AppIcon;
				DEVELOPMENT_TEAM = CGABW4X2P7;
				INFOPLIST_FILE = VirtualTourist/Info.plist;
				LD_RUNPATH_SEARCH_PATHS = "$(inherited) @executable_path/Frameworks";
				PRODUCT_BUNDLE_IDENTIFIER = mdtaps.VirtualTourist;
				PRODUCT_NAME = "$(TARGET_NAME)";
				SWIFT_VERSION = 3.0;
			};
			name = Debug;
		};
		F4A283AA1F4BD84700F043EA /* Release */ = {
			isa = XCBuildConfiguration;
			buildSettings = {
				ASSETCATALOG_COMPILER_APPICON_NAME = AppIcon;
				DEVELOPMENT_TEAM = CGABW4X2P7;
				INFOPLIST_FILE = VirtualTourist/Info.plist;
				LD_RUNPATH_SEARCH_PATHS = "$(inherited) @executable_path/Frameworks";
				PRODUCT_BUNDLE_IDENTIFIER = mdtaps.VirtualTourist;
				PRODUCT_NAME = "$(TARGET_NAME)";
				SWIFT_VERSION = 3.0;
			};
			name = Release;
		};
		F4A283AC1F4BD84700F043EA /* Debug */ = {
			isa = XCBuildConfiguration;
			buildSettings = {
				ALWAYS_EMBED_SWIFT_STANDARD_LIBRARIES = YES;
				BUNDLE_LOADER = "$(TEST_HOST)";
				DEVELOPMENT_TEAM = CGABW4X2P7;
				INFOPLIST_FILE = VirtualTouristTests/Info.plist;
				LD_RUNPATH_SEARCH_PATHS = "$(inherited) @executable_path/Frameworks @loader_path/Frameworks";
				PRODUCT_BUNDLE_IDENTIFIER = mdtaps.VirtualTouristTests;
				PRODUCT_NAME = "$(TARGET_NAME)";
				SWIFT_VERSION = 3.0;
				TEST_HOST = "$(BUILT_PRODUCTS_DIR)/VirtualTourist.app/VirtualTourist";
			};
			name = Debug;
		};
		F4A283AD1F4BD84700F043EA /* Release */ = {
			isa = XCBuildConfiguration;
			buildSettings = {
				ALWAYS_EMBED_SWIFT_STANDARD_LIBRARIES = YES;
				BUNDLE_LOADER = "$(TEST_HOST)";
				DEVELOPMENT_TEAM = CGABW4X2P7;
				INFOPLIST_FILE = VirtualTouristTests/Info.plist;
				LD_RUNPATH_SEARCH_PATHS = "$(inherited) @executable_path/Frameworks @loader_path/Frameworks";
				PRODUCT_BUNDLE_IDENTIFIER = mdtaps.VirtualTouristTests;
				PRODUCT_NAME = "$(TARGET_NAME)";
				SWIFT_VERSION = 3.0;
				TEST_HOST = "$(BUILT_PRODUCTS_DIR)/VirtualTourist.app/VirtualTourist";
			};
			name = Release;
		};
		F4A283AF1F4BD84700F043EA /* Debug */ = {
			isa = XCBuildConfiguration;
			buildSettings = {
				ALWAYS_EMBED_SWIFT_STANDARD_LIBRARIES = YES;
				DEVELOPMENT_TEAM = CGABW4X2P7;
				INFOPLIST_FILE = VirtualTouristUITests/Info.plist;
				LD_RUNPATH_SEARCH_PATHS = "$(inherited) @executable_path/Frameworks @loader_path/Frameworks";
				PRODUCT_BUNDLE_IDENTIFIER = mdtaps.VirtualTouristUITests;
				PRODUCT_NAME = "$(TARGET_NAME)";
				SWIFT_VERSION = 3.0;
				TEST_TARGET_NAME = VirtualTourist;
			};
			name = Debug;
		};
		F4A283B01F4BD84700F043EA /* Release */ = {
			isa = XCBuildConfiguration;
			buildSettings = {
				ALWAYS_EMBED_SWIFT_STANDARD_LIBRARIES = YES;
				DEVELOPMENT_TEAM = CGABW4X2P7;
				INFOPLIST_FILE = VirtualTouristUITests/Info.plist;
				LD_RUNPATH_SEARCH_PATHS = "$(inherited) @executable_path/Frameworks @loader_path/Frameworks";
				PRODUCT_BUNDLE_IDENTIFIER = mdtaps.VirtualTouristUITests;
				PRODUCT_NAME = "$(TARGET_NAME)";
				SWIFT_VERSION = 3.0;
				TEST_TARGET_NAME = VirtualTourist;
			};
			name = Release;
		};
/* End XCBuildConfiguration section */

/* Begin XCConfigurationList section */
		F4A2837B1F4BD84700F043EA /* Build configuration list for PBXProject "VirtualTourist" */ = {
			isa = XCConfigurationList;
			buildConfigurations = (
				F4A283A61F4BD84700F043EA /* Debug */,
				F4A283A71F4BD84700F043EA /* Release */,
			);
			defaultConfigurationIsVisible = 0;
			defaultConfigurationName = Release;
		};
		F4A283A81F4BD84700F043EA /* Build configuration list for PBXNativeTarget "VirtualTourist" */ = {
			isa = XCConfigurationList;
			buildConfigurations = (
				F4A283A91F4BD84700F043EA /* Debug */,
				F4A283AA1F4BD84700F043EA /* Release */,
			);
			defaultConfigurationIsVisible = 0;
			defaultConfigurationName = Release;
		};
		F4A283AB1F4BD84700F043EA /* Build configuration list for PBXNativeTarget "VirtualTouristTests" */ = {
			isa = XCConfigurationList;
			buildConfigurations = (
				F4A283AC1F4BD84700F043EA /* Debug */,
				F4A283AD1F4BD84700F043EA /* Release */,
			);
			defaultConfigurationIsVisible = 0;
			defaultConfigurationName = Release;
		};
		F4A283AE1F4BD84700F043EA /* Build configuration list for PBXNativeTarget "VirtualTouristUITests" */ = {
			isa = XCConfigurationList;
			buildConfigurations = (
				F4A283AF1F4BD84700F043EA /* Debug */,
				F4A283B01F4BD84700F043EA /* Release */,
			);
			defaultConfigurationIsVisible = 0;
			defaultConfigurationName = Release;
		};
/* End XCConfigurationList section */

/* Begin XCVersionGroup section */
		F4A283B31F4BE12600F043EA /* TouristDataModel.xcdatamodeld */ = {
			isa = XCVersionGroup;
			children = (
				F4FF5ACD1F778139006DE169 /* TouristDataModel 3.xcdatamodel */,
				F4A283D21F52A28500F043EA /* TouristDataModel 2.xcdatamodel */,
				F4A283B41F4BE12600F043EA /* TouristDataModel.xcdatamodel */,
			);
			currentVersion = F4FF5ACD1F778139006DE169 /* TouristDataModel 3.xcdatamodel */;
			name = TouristDataModel.xcdatamodeld;
			path = VirtualTourist/TouristDataModel.xcdatamodeld;
			sourceTree = "<group>";
			versionGroupType = wrapper.xcdatamodel;
		};
/* End XCVersionGroup section */
	};
	rootObject = F4A283781F4BD84700F043EA /* Project object */;
}
